
Microsoft Visual Studio Solution File, Format Version 12.00
# Visual Studio Version 17
VisualStudioVersion = 17.4.33213.308
MinimumVisualStudioVersion = 10.0.40219.1
Project("{FAE04EC0-301F-11D3-BF4B-00C04F79EFBC}") = "IntegrationGoogleCalendar", "IntegrationGoogleCalendar\IntegrationGoogleCalendar.csproj", "{05E961EA-9164-4257-B65A-9A12F10F1A9F}"
EndProject
Global
	GlobalSection(SolutionConfigurationPlatforms) = preSolution
		Debug|Any CPU = Debug|Any CPU
		Release|Any CPU = Release|Any CPU
	EndGlobalSection
	GlobalSection(ProjectConfigurationPlatforms) = postSolution
		{05E961EA-9164-4257-B65A-9A12F10F1A9F}.Debug|Any CPU.ActiveCfg = Debug|Any CPU
		{05E961EA-9164-4257-B65A-9A12F10F1A9F}.Debug|Any CPU.Build.0 = Debug|Any CPU
		{05E961EA-9164-4257-B65A-9A12F10F1A9F}.Release|Any CPU.ActiveCfg = Release|Any CPU
		{05E961EA-9164-4257-B65A-9A12F10F1A9F}.Release|Any CPU.Build.0 = Release|Any CPU
	EndGlobalSection
	GlobalSection(SolutionProperties) = preSolution
		HideSolutionNode = FALSE
	EndGlobalSection
	GlobalSection(ExtensibilityGlobals) = postSolution
		SolutionGuid = {27BD7BD8-F346-4755-AB56-3B5C064E8D9A}
	EndGlobalSection
EndGlobal
